PODS:
  - Alamofire (5.8.0)
  - IQKeyboardManager (6.5.12)
  - SwiftEntryKit (2.0.0)
  - SwipeCellKit (2.7.1)
  - TinyConstraints (4.0.2)
  - ToastViewSwift (1.5.0)

DEPENDENCIES:
  - Alamofire
  - IQKeyboardManager
  - SwiftEntryKit
  - SwipeCellKit
  - TinyConstraints
  - ToastViewSwift

SPEC REPOS:
  trunk:
    - Alamofire
    - IQKeyboardManager
    - SwiftEntryKit
    - SwipeCellKit
    - TinyConstraints
    - ToastViewSwift

SPEC CHECKSUMS:
  Alamofire: 0e92e751b3e9e66d7982db43919d01f313b8eb91
  IQKeyboardManager: b1fd66ccf7a79095bdcc4a2735231586f744216e
  SwiftEntryKit: 61b5fa36f34a97dd8013e48a7345bc4c4720be9a
  SwipeCellKit: 3972254a826da74609926daf59b08d6c72e619ea
  TinyConstraints: 7b7ccc0c485bb3bb47082138ff28bc33cd49897f
  ToastViewSwift: 496ad7918636e6e275241a93c94d6f0a57d9afb6

PODFILE CHECKSUM: c696da5213032b21dfa91f99e9ca4701bbe7e577

COCOAPODS: 1.12.1
